
Microsoft Visual Studio Solution File, Format Version 12.00
# Visual Studio Version 16
VisualStudioVersion = 16.0.30503.244
MinimumVisualStudioVersion = 10.0.40219.1
Project("{9A19103F-16F7-4668-BE54-9A1E7A4F7556}") = "Test_Resiter", "Test_Resiter\Test_Resiter.csproj", "{6A8406E3-FE18-44C3-AA2A-432164066400}"
EndProject
Global
	GlobalSection(SolutionConfigurationPlatforms) = preSolution
		Debug|Any CPU = Debug|Any CPU
		Release|Any CPU = Release|Any CPU
	EndGlobalSection
	GlobalSection(ProjectConfigurationPlatforms) = postSolution
		{6A8406E3-FE18-44C3-AA2A-432164066400}.Debug|Any CPU.ActiveCfg = Debug|Any CPU
		{6A8406E3-FE18-44C3-AA2A-432164066400}.Debug|Any CPU.Build.0 = Debug|Any CPU
		{6A8406E3-FE18-44C3-AA2A-432164066400}.Release|Any CPU.ActiveCfg = Release|Any CPU
		{6A8406E3-FE18-44C3-AA2A-432164066400}.Release|Any CPU.Build.0 = Release|Any CPU
	EndGlobalSection
	GlobalSection(SolutionProperties) = preSolution
		HideSolutionNode = FALSE
	EndGlobalSection
	GlobalSection(ExtensibilityGlobals) = postSolution
		SolutionGuid = {E3C6C019-C2D1-498F-9144-D0574F4EA2D7}
	EndGlobalSection
EndGlobal
